
Microsoft Visual Studio Solution File, Format Version 12.00
# Visual Studio Version 16
VisualStudioVersion = 16.0.30611.23
MinimumVisualStudioVersion = 10.0.40219.1
Project("{8BC9CEB8-8B4A-11D0-8D11-00A0C91BC942}") = "Project2", "Project2\Project2.vcxproj", "{4001C315-3751-49DE-8B58-A66B2037C01E}"
EndProject
Global
	GlobalSection(SolutionConfigurationPlatforms) = preSolution
		Debug|x64 = Debug|x64
		Debug|x86 = Debug|x86
		Release|x64 = Release|x64
		Release|x86 = Release|x86
	EndGlobalSection
	GlobalSection(ProjectConfigurationPlatforms) = postSolution
		{4001C315-3751-49DE-8B58-A66B2037C01E}.Debug|x64.ActiveCfg = Debug|x64
		{4001C315-3751-49DE-8B58-A66B2037C01E}.Debug|x64.Build.0 = Debug|x64
		{4001C315-3751-49DE-8B58-A66B2037C01E}.Debug|x86.ActiveCfg = Debug|Win32
		{4001C315-3751-49DE-8B58-A66B2037C01E}.Debug|x86.Build.0 = Debug|Win32
		{4001C315-3751-49DE-8B58-A66B2037C01E}.Release|x64.ActiveCfg = Release|x64
		{4001C315-3751-49DE-8B58-A66B2037C01E}.Release|x64.Build.0 = Release|x64
		{4001C315-3751-49DE-8B58-A66B2037C01E}.Release|x86.ActiveCfg = Release|Win32
		{4001C315-3751-49DE-8B58-A66B2037C01E}.Release|x86.Build.0 = Release|Win32
	EndGlobalSection
	GlobalSection(SolutionProperties) = preSolution
		HideSolutionNode = FALSE
	EndGlobalSection
	GlobalSection(ExtensibilityGlobals) = postSolution
		SolutionGuid = {408238F4-4E82-4F83-98A8-6E557E5D29D6}
	EndGlobalSection
EndGlobal
